
Microsoft Visual Studio Solution File, Format Version 12.00
# Visual Studio Version 17
VisualStudioVersion = 17.2.32616.157
MinimumVisualStudioVersion = 10.0.40219.1
Project("{FAE04EC0-301F-11D3-BF4B-00C04F79EFBC}") = "TBNRcards", "TBNRcards\TBNRcards.csproj", "{392198F3-534B-4379-9BA4-6CB86F6B424D}"
EndProject
Global
	GlobalSection(SolutionConfigurationPlatforms) = preSolution
		Debug|Any CPU = Debug|Any CPU
		Release|Any CPU = Release|Any CPU
	EndGlobalSection
	GlobalSection(ProjectConfigurationPlatforms) = postSolution
		{392198F3-534B-4379-9BA4-6CB86F6B424D}.Debug|Any CPU.ActiveCfg = Debug|Any CPU
		{392198F3-534B-4379-9BA4-6CB86F6B424D}.Debug|Any CPU.Build.0 = Debug|Any CPU
		{392198F3-534B-4379-9BA4-6CB86F6B424D}.Release|Any CPU.ActiveCfg = Release|Any CPU
		{392198F3-534B-4379-9BA4-6CB86F6B424D}.Release|Any CPU.Build.0 = Release|Any CPU
	EndGlobalSection
	GlobalSection(SolutionProperties) = preSolution
		HideSolutionNode = FALSE
	EndGlobalSection
	GlobalSection(ExtensibilityGlobals) = postSolution
		SolutionGuid = {2775B056-3DED-4200-992A-873DF05F21B8}
	EndGlobalSection
EndGlobal
